
Microsoft Visual Studio Solution File, Format Version 12.00
# Visual Studio 14
VisualStudioVersion = 14.0.24720.0
MinimumVisualStudioVersion = 10.0.40219.1
Project("{FAE04EC0-301F-11D3-BF4B-00C04F79EFBC}") = "01.OddOrEvenIntegers", "01.OddOrEvenIntegers\01.OddOrEvenIntegers.csproj", "{DA1975CC-143F-4366-9ACE-98EC4DEE7FAF}"
EndProject
Project("{FAE04EC0-301F-11D3-BF4B-00C04F79EFBC}") = "02.GravitationOnTeMoon", "02.GravitationOnTeMoon\02.GravitationOnTeMoon.csproj", "{5382459B-6907-4C12-8291-B7A9999DDDA8}"
EndProject
Project("{FAE04EC0-301F-11D3-BF4B-00C04F79EFBC}") = "03.DevideBy7And5", "03.DevideBy7And5\03.DevideBy7And5.csproj", "{BE4F465B-A8DF-4939-912D-789F2FD3C378}"
EndProject
Project("{FAE04EC0-301F-11D3-BF4B-00C04F79EFBC}") = "04.Rectangles", "04.Rectangles\04.Rectangles.csproj", "{F0EC2D2A-9B37-4AED-936D-6C16EA269820}"
EndProject
Project("{FAE04EC0-301F-11D3-BF4B-00C04F79EFBC}") = "05.ThirdDigitIsSeven", "05.ThirdDigitIsSeven\05.ThirdDigitIsSeven.csproj", "{3083D95E-A7D3-44F6-8CDF-B4F675EE0B2B}"
EndProject
Project("{FAE04EC0-301F-11D3-BF4B-00C04F79EFBC}") = "06.FourDigitNumber", "06.FourDigitNumber\06.FourDigitNumber.csproj", "{BB94EC44-513F-45B7-822F-5AE3DE9E3F6C}"
EndProject
Project("{FAE04EC0-301F-11D3-BF4B-00C04F79EFBC}") = "07.PointInACircle", "07.PointInACircle\07.PointInACircle.csproj", "{322CCECE-381A-45A7-8BA1-8FD8F1D3E7F7}"
EndProject
Project("{FAE04EC0-301F-11D3-BF4B-00C04F79EFBC}") = "08.PrimeNumberCheck", "08.PrimeNumberCheck\08.PrimeNumberCheck.csproj", "{87ECE10A-AE56-4544-8C66-5E309CDC4822}"
EndProject
Project("{FAE04EC0-301F-11D3-BF4B-00C04F79EFBC}") = "09.Trapezoids", "09.Trapezoids\09.Trapezoids.csproj", "{08B8CD26-223E-4DFD-BF2A-920805683054}"
EndProject
Project("{FAE04EC0-301F-11D3-BF4B-00C04F79EFBC}") = "10.PointCircleRectangle", "10.PointCircleRectangle\10.PointCircleRectangle.csproj", "{F6DDB5FF-1E09-492A-BC40-7808EF9DA948}"
EndProject
Project("{FAE04EC0-301F-11D3-BF4B-00C04F79EFBC}") = "11.BitwiseExtractBit3", "11.BitwiseExtractBit3\11.BitwiseExtractBit3.csproj", "{5781F338-D072-45E7-984F-5352195E6D67}"
EndProject
Project("{FAE04EC0-301F-11D3-BF4B-00C04F79EFBC}") = "12.N-thBit", "12.ExtractBitFromInt\12.N-thBit.csproj", "{9077679B-7E2A-4580-827C-D31C291A0235}"
EndProject
Project("{FAE04EC0-301F-11D3-BF4B-00C04F79EFBC}") = "13.ModifyBit", "13.CheckABitAtGivenPosition\13.ModifyBit.csproj", "{A1087165-EF2F-4004-8597-D59362DB250E}"
EndProject
Project("{FAE04EC0-301F-11D3-BF4B-00C04F79EFBC}") = "14.BitExchange", "14.BitExchange\14.BitExchange.csproj", "{933F0C4C-F2CD-4246-BA30-BD5BF7B58425}"
EndProject
Project("{FAE04EC0-301F-11D3-BF4B-00C04F79EFBC}") = "15.BitSwap", "15.BitSwap\15.BitSwap.csproj", "{84BFAA41-65E2-4D07-8B9D-D5170F97C393}"
EndProject
Global
	GlobalSection(SolutionConfigurationPlatforms) = preSolution
		Debug|Any CPU = Debug|Any CPU
		Release|Any CPU = Release|Any CPU
	EndGlobalSection
	GlobalSection(ProjectConfigurationPlatforms) = postSolution
		{DA1975CC-143F-4366-9ACE-98EC4DEE7FAF}.Debug|Any CPU.ActiveCfg = Debug|Any CPU
		{DA1975CC-143F-4366-9ACE-98EC4DEE7FAF}.Debug|Any CPU.Build.0 = Debug|Any CPU
		{DA1975CC-143F-4366-9ACE-98EC4DEE7FAF}.Release|Any CPU.ActiveCfg = Release|Any CPU
		{DA1975CC-143F-4366-9ACE-98EC4DEE7FAF}.Release|Any CPU.Build.0 = Release|Any CPU
		{5382459B-6907-4C12-8291-B7A9999DDDA8}.Debug|Any CPU.ActiveCfg = Debug|Any CPU
		{5382459B-6907-4C12-8291-B7A9999DDDA8}.Debug|Any CPU.Build.0 = Debug|Any CPU
		{5382459B-6907-4C12-8291-B7A9999DDDA8}.Release|Any CPU.ActiveCfg = Release|Any CPU
		{5382459B-6907-4C12-8291-B7A9999DDDA8}.Release|Any CPU.Build.0 = Release|Any CPU
		{BE4F465B-A8DF-4939-912D-789F2FD3C378}.Debug|Any CPU.ActiveCfg = Debug|Any CPU
		{BE4F465B-A8DF-4939-912D-789F2FD3C378}.Debug|Any CPU.Build.0 = Debug|Any CPU
		{BE4F465B-A8DF-4939-912D-789F2FD3C378}.Release|Any CPU.ActiveCfg = Release|Any CPU
		{BE4F465B-A8DF-4939-912D-789F2FD3C378}.Release|Any CPU.Build.0 = Release|Any CPU
		{F0EC2D2A-9B37-4AED-936D-6C16EA269820}.Debug|Any CPU.ActiveCfg = Debug|Any CPU
		{F0EC2D2A-9B37-4AED-936D-6C16EA269820}.Debug|Any CPU.Build.0 = Debug|Any CPU
		{F0EC2D2A-9B37-4AED-936D-6C16EA269820}.Release|Any CPU.ActiveCfg = Release|Any CPU
		{F0EC2D2A-9B37-4AED-936D-6C16EA269820}.Release|Any CPU.Build.0 = Release|Any CPU
		{3083D95E-A7D3-44F6-8CDF-B4F675EE0B2B}.Debug|Any CPU.ActiveCfg = Debug|Any CPU
		{3083D95E-A7D3-44F6-8CDF-B4F675EE0B2B}.Debug|Any CPU.Build.0 = Debug|Any CPU
		{3083D95E-A7D3-44F6-8CDF-B4F675EE0B2B}.Release|Any CPU.ActiveCfg = Release|Any CPU
		{3083D95E-A7D3-44F6-8CDF-B4F675EE0B2B}.Release|Any CPU.Build.0 = Release|Any CPU
		{BB94EC44-513F-45B7-822F-5AE3DE9E3F6C}.Debug|Any CPU.ActiveCfg = Debug|Any CPU
		{BB94EC44-513F-45B7-822F-5AE3DE9E3F6C}.Debug|Any CPU.Build.0 = Debug|Any CPU
		{BB94EC44-513F-45B7-822F-5AE3DE9E3F6C}.Release|Any CPU.ActiveCfg = Release|Any CPU
		{BB94EC44-513F-45B7-822F-5AE3DE9E3F6C}.Release|Any CPU.Build.0 = Release|Any CPU
		{322CCECE-381A-45A7-8BA1-8FD8F1D3E7F7}.Debug|Any CPU.ActiveCfg = Debug|Any CPU
		{322CCECE-381A-45A7-8BA1-8FD8F1D3E7F7}.Debug|Any CPU.Build.0 = Debug|Any CPU
		{322CCECE-381A-45A7-8BA1-8FD8F1D3E7F7}.Release|Any CPU.ActiveCfg = Release|Any CPU
		{322CCECE-381A-45A7-8BA1-8FD8F1D3E7F7}.Release|Any CPU.Build.0 = Release|Any CPU
		{87ECE10A-AE56-4544-8C66-5E309CDC4822}.Debug|Any CPU.ActiveCfg = Debug|Any CPU
		{87ECE10A-AE56-4544-8C66-5E309CDC4822}.Debug|Any CPU.Build.0 = Debug|Any CPU
		{87ECE10A-AE56-4544-8C66-5E309CDC4822}.Release|Any CPU.ActiveCfg = Release|Any CPU
		{87ECE10A-AE56-4544-8C66-5E309CDC4822}.Release|Any CPU.Build.0 = Release|Any CPU
		{08B8CD26-223E-4DFD-BF2A-920805683054}.Debug|Any CPU.ActiveCfg = Debug|Any CPU
		{08B8CD26-223E-4DFD-BF2A-920805683054}.Debug|Any CPU.Build.0 = Debug|Any CPU
		{08B8CD26-223E-4DFD-BF2A-920805683054}.Release|Any CPU.ActiveCfg = Release|Any CPU
		{08B8CD26-223E-4DFD-BF2A-920805683054}.Release|Any CPU.Build.0 = Release|Any CPU
		{F6DDB5FF-1E09-492A-BC40-7808EF9DA948}.Debug|Any CPU.ActiveCfg = Debug|Any CPU
		{F6DDB5FF-1E09-492A-BC40-7808EF9DA948}.Debug|Any CPU.Build.0 = Debug|Any CPU
		{F6DDB5FF-1E09-492A-BC40-7808EF9DA948}.Release|Any CPU.ActiveCfg = Release|Any CPU
		{F6DDB5FF-1E09-492A-BC40-7808EF9DA948}.Release|Any CPU.Build.0 = Release|Any CPU
		{5781F338-D072-45E7-984F-5352195E6D67}.Debug|Any CPU.ActiveCfg = Debug|Any CPU
		{5781F338-D072-45E7-984F-5352195E6D67}.Debug|Any CPU.Build.0 = Debug|Any CPU
		{5781F338-D072-45E7-984F-5352195E6D67}.Release|Any CPU.ActiveCfg = Release|Any CPU
		{5781F338-D072-45E7-984F-5352195E6D67}.Release|Any CPU.Build.0 = Release|Any CPU
		{9077679B-7E2A-4580-827C-D31C291A0235}.Debug|Any CPU.ActiveCfg = Debug|Any CPU
		{9077679B-7E2A-4580-827C-D31C291A0235}.Debug|Any CPU.Build.0 = Debug|Any CPU
		{9077679B-7E2A-4580-827C-D31C291A0235}.Release|Any CPU.ActiveCfg = Release|Any CPU
		{9077679B-7E2A-4580-827C-D31C291A0235}.Release|Any CPU.Build.0 = Release|Any CPU
		{A1087165-EF2F-4004-8597-D59362DB250E}.Debug|Any CPU.ActiveCfg = Debug|Any CPU
		{A1087165-EF2F-4004-8597-D59362DB250E}.Debug|Any CPU.Build.0 = Debug|Any CPU
		{A1087165-EF2F-4004-8597-D59362DB250E}.Release|Any CPU.ActiveCfg = Release|Any CPU
		{A1087165-EF2F-4004-8597-D59362DB250E}.Release|Any CPU.Build.0 = Release|Any CPU
		{933F0C4C-F2CD-4246-BA30-BD5BF7B58425}.Debug|Any CPU.ActiveCfg = Debug|Any CPU
		{933F0C4C-F2CD-4246-BA30-BD5BF7B58425}.Debug|Any CPU.Build.0 = Debug|Any CPU
		{933F0C4C-F2CD-4246-BA30-BD5BF7B58425}.Release|Any CPU.ActiveCfg = Release|Any CPU
		{933F0C4C-F2CD-4246-BA30-BD5BF7B58425}.Release|Any CPU.Build.0 = Release|Any CPU
		{84BFAA41-65E2-4D07-8B9D-D5170F97C393}.Debug|Any CPU.ActiveCfg = Debug|Any CPU
		{84BFAA41-65E2-4D07-8B9D-D5170F97C393}.Debug|Any CPU.Build.0 = Debug|Any CPU
		{84BFAA41-65E2-4D07-8B9D-D5170F97C393}.Release|Any CPU.ActiveCfg = Release|Any CPU
		{84BFAA41-65E2-4D07-8B9D-D5170F97C393}.Release|Any CPU.Build.0 = Release|Any CPU
	EndGlobalSection
	GlobalSection(SolutionProperties) = preSolution
		HideSolutionNode = FALSE
	EndGlobalSection
EndGlobal
