
Microsoft Visual Studio Solution File, Format Version 12.00
# Visual Studio 14
VisualStudioVersion = 14.0.24720.0
MinimumVisualStudioVersion = 10.0.40219.1
Project("{FAE04EC0-301F-11D3-BF4B-00C04F79EFBC}") = "Ptoblem01", "Ptoblem01\Ptoblem01.csproj", "{FD3FFB59-325D-4370-B411-760E19E000E5}"
EndProject
Project("{FAE04EC0-301F-11D3-BF4B-00C04F79EFBC}") = "Problem02", "Problem02\Problem02.csproj", "{6E50FF9E-6D3F-4533-AC8B-52AFC57CB92E}"
EndProject
Project("{FAE04EC0-301F-11D3-BF4B-00C04F79EFBC}") = "Problem03", "Problem03\Problem03.csproj", "{02298207-E05F-45A2-9D1B-C8429A7C5004}"
EndProject
Project("{FAE04EC0-301F-11D3-BF4B-00C04F79EFBC}") = "Problem04", "Problem04\Problem04.csproj", "{C29D4C27-B677-45AA-9D7C-B822BD66A885}"
EndProject
Project("{FAE04EC0-301F-11D3-BF4B-00C04F79EFBC}") = "Problem05", "Problem05\Problem05.csproj", "{D9BF3D09-E38E-4AF8-A576-9F2D87386B54}"
EndProject
Project("{FAE04EC0-301F-11D3-BF4B-00C04F79EFBC}") = "Problem05-2", "Problem05-2\Problem05-2.csproj", "{A3EF8E54-866C-4C38-91B1-F4EEE298D145}"
EndProject
Global
	GlobalSection(SolutionConfigurationPlatforms) = preSolution
		Debug|Any CPU = Debug|Any CPU
		Release|Any CPU = Release|Any CPU
	EndGlobalSection
	GlobalSection(ProjectConfigurationPlatforms) = postSolution
		{FD3FFB59-325D-4370-B411-760E19E000E5}.Debug|Any CPU.ActiveCfg = Debug|Any CPU
		{FD3FFB59-325D-4370-B411-760E19E000E5}.Debug|Any CPU.Build.0 = Debug|Any CPU
		{FD3FFB59-325D-4370-B411-760E19E000E5}.Release|Any CPU.ActiveCfg = Release|Any CPU
		{FD3FFB59-325D-4370-B411-760E19E000E5}.Release|Any CPU.Build.0 = Release|Any CPU
		{6E50FF9E-6D3F-4533-AC8B-52AFC57CB92E}.Debug|Any CPU.ActiveCfg = Debug|Any CPU
		{6E50FF9E-6D3F-4533-AC8B-52AFC57CB92E}.Debug|Any CPU.Build.0 = Debug|Any CPU
		{6E50FF9E-6D3F-4533-AC8B-52AFC57CB92E}.Release|Any CPU.ActiveCfg = Release|Any CPU
		{6E50FF9E-6D3F-4533-AC8B-52AFC57CB92E}.Release|Any CPU.Build.0 = Release|Any CPU
		{02298207-E05F-45A2-9D1B-C8429A7C5004}.Debug|Any CPU.ActiveCfg = Debug|Any CPU
		{02298207-E05F-45A2-9D1B-C8429A7C5004}.Debug|Any CPU.Build.0 = Debug|Any CPU
		{02298207-E05F-45A2-9D1B-C8429A7C5004}.Release|Any CPU.ActiveCfg = Release|Any CPU
		{02298207-E05F-45A2-9D1B-C8429A7C5004}.Release|Any CPU.Build.0 = Release|Any CPU
		{C29D4C27-B677-45AA-9D7C-B822BD66A885}.Debug|Any CPU.ActiveCfg = Debug|Any CPU
		{C29D4C27-B677-45AA-9D7C-B822BD66A885}.Debug|Any CPU.Build.0 = Debug|Any CPU
		{C29D4C27-B677-45AA-9D7C-B822BD66A885}.Release|Any CPU.ActiveCfg = Release|Any CPU
		{C29D4C27-B677-45AA-9D7C-B822BD66A885}.Release|Any CPU.Build.0 = Release|Any CPU
		{D9BF3D09-E38E-4AF8-A576-9F2D87386B54}.Debug|Any CPU.ActiveCfg = Debug|Any CPU
		{D9BF3D09-E38E-4AF8-A576-9F2D87386B54}.Debug|Any CPU.Build.0 = Debug|Any CPU
		{D9BF3D09-E38E-4AF8-A576-9F2D87386B54}.Release|Any CPU.ActiveCfg = Release|Any CPU
		{D9BF3D09-E38E-4AF8-A576-9F2D87386B54}.Release|Any CPU.Build.0 = Release|Any CPU
		{A3EF8E54-866C-4C38-91B1-F4EEE298D145}.Debug|Any CPU.ActiveCfg = Debug|Any CPU
		{A3EF8E54-866C-4C38-91B1-F4EEE298D145}.Debug|Any CPU.Build.0 = Debug|Any CPU
		{A3EF8E54-866C-4C38-91B1-F4EEE298D145}.Release|Any CPU.ActiveCfg = Release|Any CPU
		{A3EF8E54-866C-4C38-91B1-F4EEE298D145}.Release|Any CPU.Build.0 = Release|Any CPU
	EndGlobalSection
	GlobalSection(SolutionProperties) = preSolution
		HideSolutionNode = FALSE
	EndGlobalSection
EndGlobal
